PODS:
  - AYVibrantButton (1.0.3)
  - Canvas (0.1.2)
  - CNPGridMenu (0.2.1)
  - pop (1.0.7)
  - VBFPopFlatButton (0.0.6):
    - pop
  - XCGLogger (2.0)

DEPENDENCIES:
  - AYVibrantButton
  - Canvas
  - CNPGridMenu
  - VBFPopFlatButton
  - XCGLogger

SPEC CHECKSUMS:
  AYVibrantButton: 7cc5b2c74f6f6a0a52d5b0db361a9d3b755bc448
  Canvas: eb861e3b555d032648146c8ffda1a5dea40059ca
  CNPGridMenu: 37c8b18c1329499a744063b4aacf85c77b193cf6
  pop: 628ffc631644601567ee8bfaaaea493ebd7d0923
  VBFPopFlatButton: 782344da63f104c279a857d806e065117a7e1196
  XCGLogger: 90570901ddf86d5479672d61a1b0a639235b851a

COCOAPODS: 0.37.1
